
Microsoft Visual Studio Solution File, Format Version 12.00
# Visual Studio Version 17
VisualStudioVersion = 17.1.32210.238
MinimumVisualStudioVersion = 10.0.40219.1
Project("{FAE04EC0-301F-11D3-BF4B-00C04F79EFBC}") = "Automat", "Automat\Automat.csproj", "{CA8AD5DF-EC5A-4474-9F2F-3B71855412DD}"
EndProject
Global
	GlobalSection(SolutionConfigurationPlatforms) = preSolution
		Debug|Any CPU = Debug|Any CPU
		Release|Any CPU = Release|Any CPU
	EndGlobalSection
	GlobalSection(ProjectConfigurationPlatforms) = postSolution
		{CA8AD5DF-EC5A-4474-9F2F-3B71855412DD}.Debug|Any CPU.ActiveCfg = Debug|Any CPU
		{CA8AD5DF-EC5A-4474-9F2F-3B71855412DD}.Debug|Any CPU.Build.0 = Debug|Any CPU
		{CA8AD5DF-EC5A-4474-9F2F-3B71855412DD}.Release|Any CPU.ActiveCfg = Release|Any CPU
		{CA8AD5DF-EC5A-4474-9F2F-3B71855412DD}.Release|Any CPU.Build.0 = Release|Any CPU
	EndGlobalSection
	GlobalSection(SolutionProperties) = preSolution
		HideSolutionNode = FALSE
	EndGlobalSection
	GlobalSection(ExtensibilityGlobals) = postSolution
		SolutionGuid = {AF0A4487-ED44-4240-800C-E34880E31F34}
	EndGlobalSection
EndGlobal
